
Microsoft Visual Studio Solution File, Format Version 12.00
# Visual Studio 15
VisualStudioVersion = 15.0.28010.2026
MinimumVisualStudioVersion = 10.0.40219.1
Project("{9A19103F-16F7-4668-BE54-9A1E7A4F7556}") = "Timesheet", "Timesheet\Timesheet.csproj", "{BF176915-6189-4B31-819F-F0AC8E5AFE97}"
EndProject
Global
	GlobalSection(SolutionConfigurationPlatforms) = preSolution
		Debug|Any CPU = Debug|Any CPU
		Release|Any CPU = Release|Any CPU
	EndGlobalSection
	GlobalSection(ProjectConfigurationPlatforms) = postSolution
		{BF176915-6189-4B31-819F-F0AC8E5AFE97}.Debug|Any CPU.ActiveCfg = Debug|Any CPU
		{BF176915-6189-4B31-819F-F0AC8E5AFE97}.Debug|Any CPU.Build.0 = Debug|Any CPU
		{BF176915-6189-4B31-819F-F0AC8E5AFE97}.Release|Any CPU.ActiveCfg = Release|Any CPU
		{BF176915-6189-4B31-819F-F0AC8E5AFE97}.Release|Any CPU.Build.0 = Release|Any CPU
	EndGlobalSection
	GlobalSection(SolutionProperties) = preSolution
		HideSolutionNode = FALSE
	EndGlobalSection
	GlobalSection(ExtensibilityGlobals) = postSolution
		SolutionGuid = {2893071A-4A5F-441B-92DB-4391453469CE}
	EndGlobalSection
EndGlobal
